// !$*UTF8*$!
{
	archiveVersion = 1;
	classes = {
	};
	objectVersion = 46;
	objects = {

/* Begin PBXBuildFile section */
		F71D19271EF351A300523ACB /* AppDelegate.swift in Sources */ = {isa = PBXBuildFile; fileRef = F71D19261EF351A300523ACB /* AppDelegate.swift */; };
		F71D19291EF351A300523ACB /* ViewController.swift in Sources */ = {isa = PBXBuildFile; fileRef = F71D19281EF351A300523ACB /* ViewController.swift */; };
		F71D192C1EF351A300523ACB /* Main.storyboard in Resources */ = {isa = PBXBuildFile; fileRef = F71D192A1EF351A300523ACB /* Main.storyboard */; };
		F71D192E1EF351A300523ACB /* Assets.xcassets in Resources */ = {isa = PBXBuildFile; fileRef = F71D192D1EF351A300523ACB /* Assets.xcassets */; };
		F71D19311EF351A300523ACB /* LaunchScreen.storyboard in Resources */ = {isa = PBXBuildFile; fileRef = F71D192F1EF351A300523ACB /* LaunchScreen.storyboard */; };
		F71D195C1EF3532A00523ACB /* AudioKit.framework in Frameworks */ = {isa = PBXBuildFile; fileRef = F71D19561EF3532A00523ACB /* AudioKit.framework */; };
		F71D195D1EF3532A00523ACB /* AudioKit.framework in Embed Frameworks */ = {isa = PBXBuildFile; fileRef = F71D19561EF3532A00523ACB /* AudioKit.framework */; settings = {ATTRIBUTES = (CodeSignOnCopy, RemoveHeadersOnCopy, ); }; };
		F71D19601EF3532A00523ACB /* RxCocoa.framework in Frameworks */ = {isa = PBXBuildFile; fileRef = F71D19581EF3532A00523ACB /* RxCocoa.framework */; };
		F71D19611EF3532A00523ACB /* RxCocoa.framework in Embed Frameworks */ = {isa = PBXBuildFile; fileRef = F71D19581EF3532A00523ACB /* RxCocoa.framework */; settings = {ATTRIBUTES = (CodeSignOnCopy, RemoveHeadersOnCopy, ); }; };
		F71D19621EF3532A00523ACB /* RxDataSources.framework in Frameworks */ = {isa = PBXBuildFile; fileRef = F71D19591EF3532A00523ACB /* RxDataSources.framework */; };
		F71D19631EF3532A00523ACB /* RxDataSources.framework in Embed Frameworks */ = {isa = PBXBuildFile; fileRef = F71D19591EF3532A00523ACB /* RxDataSources.framework */; settings = {ATTRIBUTES = (CodeSignOnCopy, RemoveHeadersOnCopy, ); }; };
		F71D19641EF3532A00523ACB /* RxSwift.framework in Frameworks */ = {isa = PBXBuildFile; fileRef = F71D195A1EF3532A00523ACB /* RxSwift.framework */; };
		F71D19651EF3532A00523ACB /* RxSwift.framework in Embed Frameworks */ = {isa = PBXBuildFile; fileRef = F71D195A1EF3532A00523ACB /* RxSwift.framework */; settings = {ATTRIBUTES = (CodeSignOnCopy, RemoveHeadersOnCopy, ); }; };
		F71D196F1EF3536F00523ACB /* InstrumentType.swift in Sources */ = {isa = PBXBuildFile; fileRef = F71D196B1EF3536F00523ACB /* InstrumentType.swift */; };
		F71D19701EF3536F00523ACB /* Instrument.swift in Sources */ = {isa = PBXBuildFile; fileRef = F71D196C1EF3536F00523ACB /* Instrument.swift */; };
		F71D19731EF3545300523ACB /* Sounds in Resources */ = {isa = PBXBuildFile; fileRef = F71D19721EF3545300523ACB /* Sounds */; };
		F71D19761EF5A34800523ACB /* EmailComposer.swift in Sources */ = {isa = PBXBuildFile; fileRef = F71D19751EF5A34800523ACB /* EmailComposer.swift */; };
		F71D19811EF62A7E00523ACB /* TimecodeFormatter.swift in Sources */ = {isa = PBXBuildFile; fileRef = F71D19801EF62A7E00523ACB /* TimecodeFormatter.swift */; };
		F71D19881EF6394800523ACB /* AudioShareSDK.m in Sources */ = {isa = PBXBuildFile; fileRef = F71D19871EF6394800523ACB /* AudioShareSDK.m */; };
		F7BEB0B61EF6CC2800A744B6 /* Conductor.swift in Sources */ = {isa = PBXBuildFile; fileRef = F7BEB0B51EF6CC2800A744B6 /* Conductor.swift */; };
/* End PBXBuildFile section */

/* Begin PBXCopyFilesBuildPhase section */
		F71D19681EF3532A00523ACB /* Embed Frameworks */ = {
			isa = PBXCopyFilesBuildPhase;
			buildActionMask = 2147483647;
			dstPath = "";
			dstSubfolderSpec = 10;
			files = (
				F71D19651EF3532A00523ACB /* RxSwift.framework in Embed Frameworks */,
				F71D19611EF3532A00523ACB /* RxCocoa.framework in Embed Frameworks */,
				F71D195D1EF3532A00523ACB /* AudioKit.framework in Embed Frameworks */,
				F71D19631EF3532A00523ACB /* RxDataSources.framework in Embed Frameworks */,
			);
			name = "Embed Frameworks";
			runOnlyForDeploymentPostprocessing = 0;
		};
/* End PBXCopyFilesBuildPhase section */

/* Begin PBXFileReference section */
		F71D19231EF351A300523ACB /* SaveAKRecording.app */ = {isa = PBXFileReference; explicitFileType = wrapper.application; includeInIndex = 0; path = SaveAKRecording.app; sourceTree = BUILT_PRODUCTS_DIR; };
		F71D19261EF351A300523ACB /* AppDelegate.swift */ = {isa = PBXFileReference; lastKnownFileType = sourcecode.swift; path = AppDelegate.swift; sourceTree = "<group>"; };
		F71D19281EF351A300523ACB /* ViewController.swift */ = {isa = PBXFileReference; lastKnownFileType = sourcecode.swift; path = ViewController.swift; sourceTree = "<group>"; };
		F71D192B1EF351A300523ACB /* Base */ = {isa = PBXFileReference; lastKnownFileType = file.storyboard; name = Base; path = Base.lproj/Main.storyboard; sourceTree = "<group>"; };
		F71D192D1EF351A300523ACB /* Assets.xcassets */ = {isa = PBXFileReference; lastKnownFileType = folder.assetcatalog; path = Assets.xcassets; sourceTree = "<group>"; };
		F71D19301EF351A300523ACB /* Base */ = {isa = PBXFileReference; lastKnownFileType = file.storyboard; name = Base; path = Base.lproj/LaunchScreen.storyboard; sourceTree = "<group>"; };
		F71D19321EF351A300523ACB /* Info.plist */ = {isa = PBXFileReference; lastKnownFileType = text.plist.xml; path = Info.plist; sourceTree = "<group>"; };
		F71D19561EF3532A00523ACB /* AudioKit.framework */ = {isa = PBXFileReference; lastKnownFileType = wrapper.framework; name = AudioKit.framework; path = ../Carthage/Build/iOS/AudioKit.framework; sourceTree = "<group>"; };
		F71D19571EF3532A00523ACB /* RxBlocking.framework */ = {isa = PBXFileReference; lastKnownFileType = wrapper.framework; name = RxBlocking.framework; path = ../Carthage/Build/iOS/RxBlocking.framework; sourceTree = "<group>"; };
		F71D19581EF3532A00523ACB /* RxCocoa.framework */ = {isa = PBXFileReference; lastKnownFileType = wrapper.framework; name = RxCocoa.framework; path = ../Carthage/Build/iOS/RxCocoa.framework; sourceTree = "<group>"; };
		F71D19591EF3532A00523ACB /* RxDataSources.framework */ = {isa = PBXFileReference; lastKnownFileType = wrapper.framework; name = RxDataSources.framework; path = ../Carthage/Build/iOS/RxDataSources.framework; sourceTree = "<group>"; };
		F71D195A1EF3532A00523ACB /* RxSwift.framework */ = {isa = PBXFileReference; lastKnownFileType = wrapper.framework; name = RxSwift.framework; path = ../Carthage/Build/iOS/RxSwift.framework; sourceTree = "<group>"; };
		F71D195B1EF3532A00523ACB /* RxTest.framework */ = {isa = PBXFileReference; lastKnownFileType = wrapper.framework; name = RxTest.framework; path = ../Carthage/Build/iOS/RxTest.framework; sourceTree = "<group>"; };
		F71D196B1EF3536F00523ACB /* InstrumentType.swift */ = {isa = PBXFileReference; fileEncoding = 4; lastKnownFileType = sourcecode.swift; path = InstrumentType.swift; sourceTree = "<group>"; };
		F71D196C1EF3536F00523ACB /* Instrument.swift */ = {isa = PBXFileReference; fileEncoding = 4; lastKnownFileType = sourcecode.swift; path = Instrument.swift; sourceTree = "<group>"; };
		F71D19721EF3545300523ACB /* Sounds */ = {isa = PBXFileReference; lastKnownFileType = folder; path = Sounds; sourceTree = "<group>"; };
		F71D19751EF5A34800523ACB /* EmailComposer.swift */ = {isa = PBXFileReference; fileEncoding = 4; lastKnownFileType = sourcecode.swift; path = EmailComposer.swift; sourceTree = "<group>"; };
		F71D19801EF62A7E00523ACB /* TimecodeFormatter.swift */ = {isa = PBXFileReference; fileEncoding = 4; lastKnownFileType = sourcecode.swift; path = TimecodeFormatter.swift; sourceTree = "<group>"; };
		F71D19851EF6394800523ACB /* SaveAKRecording-Bridging-Header.h */ = {isa = PBXFileReference; lastKnownFileType = sourcecode.c.h; path = "SaveAKRecording-Bridging-Header.h"; sourceTree = "<group>"; };
		F71D19861EF6394800523ACB /* AudioShareSDK.h */ = {isa = PBXFileReference; fileEncoding = 4; lastKnownFileType = sourcecode.c.h; path = AudioShareSDK.h; sourceTree = "<group>"; };
		F71D19871EF6394800523ACB /* AudioShareSDK.m */ = {isa = PBXFileReference; fileEncoding = 4; lastKnownFileType = sourcecode.c.objc; path = AudioShareSDK.m; sourceTree = "<group>"; };
		F7BEB0B51EF6CC2800A744B6 /* Conductor.swift */ = {isa = PBXFileReference; fileEncoding = 4; lastKnownFileType = sourcecode.swift; path = Conductor.swift; sourceTree = "<group>"; };
/* End PBXFileReference section */

/* Begin PBXFrameworksBuildPhase section */
		F71D19201EF351A300523ACB /* Frameworks */ = {
			isa = PBXFrameworksBuildPhase;
			buildActionMask = 2147483647;
			files = (
				F71D19641EF3532A00523ACB /* RxSwift.framework in Frameworks */,
				F71D19601EF3532A00523ACB /* RxCocoa.framework in Frameworks */,
				F71D195C1EF3532A00523ACB /* AudioKit.framework in Frameworks */,
				F71D19621EF3532A00523ACB /* RxDataSources.framework in Frameworks */,
			);
			runOnlyForDeploymentPostprocessing = 0;
		};
/* End PBXFrameworksBuildPhase section */

/* Begin PBXGroup section */
		F71D191A1EF351A300523ACB = {
			isa = PBXGroup;
			children = (
				F71D19251EF351A300523ACB /* SaveAKRecording */,
				F71D19241EF351A300523ACB /* Products */,
			);
			sourceTree = "<group>";
		};
		F71D19241EF351A300523ACB /* Products */ = {
			isa = PBXGroup;
			children = (
				F71D19231EF351A300523ACB /* SaveAKRecording.app */,
			);
			name = Products;
			sourceTree = "<group>";
		};
		F71D19251EF351A300523ACB /* SaveAKRecording */ = {
			isa = PBXGroup;
			children = (
				F71D19261EF351A300523ACB /* AppDelegate.swift */,
				F71D19281EF351A300523ACB /* ViewController.swift */,
				F71D19841EF6371400523ACB /* Classes */,
				F71D19831EF6370800523ACB /* AudioEngine */,
				F71D19821EF6370000523ACB /* Helpers */,
				F71D19741EF4440100523ACB /* Models */,
				F71D192A1EF351A300523ACB /* Main.storyboard */,
				F71D192D1EF351A300523ACB /* Assets.xcassets */,
				F71D192F1EF351A300523ACB /* LaunchScreen.storyboard */,
				F71D19321EF351A300523ACB /* Info.plist */,
				F71D19721EF3545300523ACB /* Sounds */,
				F71D19691EF3533900523ACB /* Frameworks */,
			);
			path = SaveAKRecording;
			sourceTree = "<group>";
		};
		F71D19691EF3533900523ACB /* Frameworks */ = {
			isa = PBXGroup;
			children = (
				F71D19561EF3532A00523ACB /* AudioKit.framework */,
				F71D19571EF3532A00523ACB /* RxBlocking.framework */,
				F71D19581EF3532A00523ACB /* RxCocoa.framework */,
				F71D19591EF3532A00523ACB /* RxDataSources.framework */,
				F71D195A1EF3532A00523ACB /* RxSwift.framework */,
				F71D195B1EF3532A00523ACB /* RxTest.framework */,
			);
			name = Frameworks;
			sourceTree = "<group>";
		};
		F71D19741EF4440100523ACB /* Models */ = {
			isa = PBXGroup;
			children = (
				F71D196C1EF3536F00523ACB /* Instrument.swift */,
				F71D196B1EF3536F00523ACB /* InstrumentType.swift */,
			);
			name = Models;
			sourceTree = "<group>";
		};
		F71D19821EF6370000523ACB /* Helpers */ = {
			isa = PBXGroup;
			children = (
				F71D19861EF6394800523ACB /* AudioShareSDK.h */,
				F71D19871EF6394800523ACB /* AudioShareSDK.m */,
				F71D19801EF62A7E00523ACB /* TimecodeFormatter.swift */,
				F71D19851EF6394800523ACB /* SaveAKRecording-Bridging-Header.h */,
			);
			name = Helpers;
			sourceTree = "<group>";
		};
		F71D19831EF6370800523ACB /* AudioEngine */ = {
			isa = PBXGroup;
			children = (
				F7BEB0B51EF6CC2800A744B6 /* Conductor.swift */,
			);
			name = AudioEngine;
			sourceTree = "<group>";
		};
		F71D19841EF6371400523ACB /* Classes */ = {
			isa = PBXGroup;
			children = (
				F71D19751EF5A34800523ACB /* EmailComposer.swift */,
			);
			name = Classes;
			sourceTree = "<group>";
		};
/* End PBXGroup section */

/* Begin PBXNativeTarget section */
		F71D19221EF351A300523ACB /* SaveAKRecording */ = {
			isa = PBXNativeTarget;
			buildConfigurationList = F71D194B1EF351A300523ACB /* Build configuration list for PBXNativeTarget "SaveAKRecording" */;
			buildPhases = (
				F71D191F1EF351A300523ACB /* Sources */,
				F71D19201EF351A300523ACB /* Frameworks */,
				F71D19211EF351A300523ACB /* Resources */,
				F71D19681EF3532A00523ACB /* Embed Frameworks */,
			);
			buildRules = (
			);
			dependencies = (
			);
			name = SaveAKRecording;
			productName = SaveAKRecording;
			productReference = F71D19231EF351A300523ACB /* SaveAKRecording.app */;
			productType = "com.apple.product-type.application";
		};
/* End PBXNativeTarget section */

/* Begin PBXProject section */
		F71D191B1EF351A300523ACB /* Project object */ = {
			isa = PBXProject;
			attributes = {
				LastSwiftUpdateCheck = 0830;
				LastUpgradeCheck = 0830;
				ORGANIZATIONNAME = "Mark Jeschke";
				TargetAttributes = {
					F71D19221EF351A300523ACB = {
						CreatedOnToolsVersion = 8.3.3;
						DevelopmentTeam = JZRGG2W4BA;
						LastSwiftMigration = 0830;
						ProvisioningStyle = Automatic;
					};
				};
			};
			buildConfigurationList = F71D191E1EF351A300523ACB /* Build configuration list for PBXProject "SaveAKRecording" */;
			compatibilityVersion = "Xcode 3.2";
			developmentRegion = English;
			hasScannedForEncodings = 0;
			knownRegions = (
				en,
				Base,
			);
			mainGroup = F71D191A1EF351A300523ACB;
			productRefGroup = F71D19241EF351A300523ACB /* Products */;
			projectDirPath = "";
			projectRoot = "";
			targets = (
				F71D19221EF351A300523ACB /* SaveAKRecording */,
			);
		};
/* End PBXProject section */

/* Begin PBXResourcesBuildPhase section */
		F71D19211EF351A300523ACB /* Resources */ = {
			isa = PBXResourcesBuildPhase;
			buildActionMask = 2147483647;
			files = (
				F71D19311EF351A300523ACB /* LaunchScreen.storyboard in Resources */,
				F71D192E1EF351A300523ACB /* Assets.xcassets in Resources */,
				F71D19731EF3545300523ACB /* Sounds in Resources */,
				F71D192C1EF351A300523ACB /* Main.storyboard in Resources */,
			);
			runOnlyForDeploymentPostprocessing = 0;
		};
/* End PBXResourcesBuildPhase section */

/* Begin PBXSourcesBuildPhase section */
		F71D191F1EF351A300523ACB /* Sources */ = {
			isa = PBXSourcesBuildPhase;
			buildActionMask = 2147483647;
			files = (
				F71D19291EF351A300523ACB /* ViewController.swift in Sources */,
				F71D19881EF6394800523ACB /* AudioShareSDK.m in Sources */,
				F71D196F1EF3536F00523ACB /* InstrumentType.swift in Sources */,
				F7BEB0B61EF6CC2800A744B6 /* Conductor.swift in Sources */,
				F71D19701EF3536F00523ACB /* Instrument.swift in Sources */,
				F71D19761EF5A34800523ACB /* EmailComposer.swift in Sources */,
				F71D19271EF351A300523ACB /* AppDelegate.swift in Sources */,
				F71D19811EF62A7E00523ACB /* TimecodeFormatter.swift in Sources */,
			);
			runOnlyForDeploymentPostprocessing = 0;
		};
/* End PBXSourcesBuildPhase section */

/* Begin PBXVariantGroup section */
		F71D192A1EF351A300523ACB /* Main.storyboard */ = {
			isa = PBXVariantGroup;
			children = (
				F71D192B1EF351A300523ACB /* Base */,
			);
			name = Main.storyboard;
			sourceTree = "<group>";
		};
		F71D192F1EF351A300523ACB /* LaunchScreen.storyboard */ = {
			isa = PBXVariantGroup;
			children = (
				F71D19301EF351A300523ACB /* Base */,
			);
			name = LaunchScreen.storyboard;
			sourceTree = "<group>";
		};
/* End PBXVariantGroup section */

/* Begin XCBuildConfiguration section */
		F71D19491EF351A300523ACB /* Debug */ = {
			isa = XCBuildConfiguration;
			buildSettings = {
				ALWAYS_SEARCH_USER_PATHS = NO;
				CLANG_ANALYZER_NONNULL = YES;
				CLANG_ANALYZER_NUMBER_OBJECT_CONVERSION = YES_AGGRESSIVE;
				CLANG_CXX_LANGUAGE_STANDARD = "gnu++0x";
				CLANG_CXX_LIBRARY = "libc++";
				CLANG_ENABLE_MODULES = YES;
				CLANG_ENABLE_OBJC_ARC = YES;
				CLANG_WARN_BOOL_CONVERSION = YES;
				CLANG_WARN_CONSTANT_CONVERSION = YES;
				CLANG_WARN_DIRECT_OBJC_ISA_USAGE = YES_ERROR;
				CLANG_WARN_DOCUMENTATION_COMMENTS = YES;
				CLANG_WARN_EMPTY_BODY = YES;
				CLANG_WARN_ENUM_CONVERSION = YES;
				CLANG_WARN_INFINITE_RECURSION = YES;
				CLANG_WARN_INT_CONVERSION = YES;
				CLANG_WARN_OBJC_ROOT_CLASS = YES_ERROR;
				CLANG_WARN_SUSPICIOUS_MOVE = YES;
				CLANG_WARN_UNREACHABLE_CODE = YES;
				CLANG_WARN__DUPLICATE_METHOD_MATCH = YES;
				"CODE_SIGN_IDENTITY[sdk=iphoneos*]" = "iPhone Developer";
				COPY_PHASE_STRIP = NO;
				DEBUG_INFORMATION_FORMAT = dwarf;
				ENABLE_STRICT_OBJC_MSGSEND = YES;
				ENABLE_TESTABILITY = YES;
				GCC_C_LANGUAGE_STANDARD = gnu99;
				GCC_DYNAMIC_NO_PIC = NO;
				GCC_NO_COMMON_BLOCKS = YES;
				GCC_OPTIMIZATION_LEVEL = 0;
				GCC_PREPROCESSOR_DEFINITIONS = (
					"DEBUG=1",
					"$(inherited)",
				);
				GCC_WARN_64_TO_32_BIT_CONVERSION = YES;
				GCC_WARN_ABOUT_RETURN_TYPE = YES_ERROR;
				GCC_WARN_UNDECLARED_SELECTOR = YES;
				GCC_WARN_UNINITIALIZED_AUTOS = YES_AGGRESSIVE;
				GCC_WARN_UNUSED_FUNCTION = YES;
				GCC_WARN_UNUSED_VARIABLE = YES;
				IPHONEOS_DEPLOYMENT_TARGET = 10.3;
				MTL_ENABLE_DEBUG_INFO = YES;
				ONLY_ACTIVE_ARCH = YES;
				SDKROOT = iphoneos;
				SWIFT_ACTIVE_COMPILATION_CONDITIONS = DEBUG;
				SWIFT_OPTIMIZATION_LEVEL = "-Onone";
			};
			name = Debug;
		};
		F71D194A1EF351A300523ACB /* Release */ = {
			isa = XCBuildConfiguration;
			buildSettings = {
				ALWAYS_SEARCH_USER_PATHS = NO;
				CLANG_ANALYZER_NONNULL = YES;
				CLANG_ANALYZER_NUMBER_OBJECT_CONVERSION = YES_AGGRESSIVE;
				CLANG_CXX_LANGUAGE_STANDARD = "gnu++0x";
				CLANG_CXX_LIBRARY = "libc++";
				CLANG_ENABLE_MODULES = YES;
				CLANG_ENABLE_OBJC_ARC = YES;
				CLANG_WARN_BOOL_CONVERSION = YES;
				CLANG_WARN_CONSTANT_CONVERSION = YES;
				CLANG_WARN_DIRECT_OBJC_ISA_USAGE = YES_ERROR;
				CLANG_WARN_DOCUMENTATION_COMMENTS = YES;
				CLANG_WARN_EMPTY_BODY = YES;
				CLANG_WARN_ENUM_CONVERSION = YES;
				CLANG_WARN_INFINITE_RECURSION = YES;
				CLANG_WARN_INT_CONVERSION = YES;
				CLANG_WARN_OBJC_ROOT_CLASS = YES_ERROR;
				CLANG_WARN_SUSPICIOUS_MOVE = YES;
				CLANG_WARN_UNREACHABLE_CODE = YES;
				CLANG_WARN__DUPLICATE_METHOD_MATCH = YES;
				"CODE_SIGN_IDENTITY[sdk=iphoneos*]" = "iPhone Developer";
				COPY_PHASE_STRIP = NO;
				DEBUG_INFORMATION_FORMAT = "dwarf-with-dsym";
				ENABLE_NS_ASSERTIONS = NO;
				ENABLE_STRICT_OBJC_MSGSEND = YES;
				GCC_C_LANGUAGE_STANDARD = gnu99;
				GCC_NO_COMMON_BLOCKS = YES;
				GCC_WARN_64_TO_32_BIT_CONVERSION = YES;
				GCC_WARN_ABOUT_RETURN_TYPE = YES_ERROR;
				GCC_WARN_UNDECLARED_SELECTOR = YES;
				GCC_WARN_UNINITIALIZED_AUTOS = YES_AGGRESSIVE;
				GCC_WARN_UNUSED_FUNCTION = YES;
				GCC_WARN_UNUSED_VARIABLE = YES;
				IPHONEOS_DEPLOYMENT_TARGET = 10.3;
				MTL_ENABLE_DEBUG_INFO = NO;
				SDKROOT = iphoneos;
				SWIFT_OPTIMIZATION_LEVEL = "-Owholemodule";
				VALIDATE_PRODUCT = YES;
			};
			name = Release;
		};
		F71D194C1EF351A300523ACB /* Debug */ = {
			isa = XCBuildConfiguration;
			buildSettings = {
				ASSETCATALOG_COMPILER_APPICON_NAME = AppIcon;
				CLANG_ENABLE_MODULES = YES;
				DEVELOPMENT_TEAM = JZRGG2W4BA;
				FRAMEWORK_SEARCH_PATHS = (
					"$(inherited)",
					"$(PROJECT_DIR)/Carthage/Build/iOS",
				);
				INFOPLIST_FILE = SaveAKRecording/Info.plist;
				LD_RUNPATH_SEARCH_PATHS = "$(inherited) @executable_path/Frameworks";
				PRODUCT_BUNDLE_IDENTIFIER = com.oogamedia.SaveAKRecording;
				PRODUCT_NAME = "$(TARGET_NAME)";
				SWIFT_OBJC_BRIDGING_HEADER = "SaveAKRecording/SaveAKRecording-Bridging-Header.h";
				SWIFT_OPTIMIZATION_LEVEL = "-Onone";
				SWIFT_VERSION = 3.0;
			};
			name = Debug;
		};
		F71D194D1EF351A300523ACB /* Release */ = {
			isa = XCBuildConfiguration;
			buildSettings = {
				ASSETCATALOG_COMPILER_APPICON_NAME = AppIcon;
				CLANG_ENABLE_MODULES = YES;
				DEVELOPMENT_TEAM = JZRGG2W4BA;
				FRAMEWORK_SEARCH_PATHS = (
					"$(inherited)",
					"$(PROJECT_DIR)/Carthage/Build/iOS",
				);
				INFOPLIST_FILE = SaveAKRecording/Info.plist;
				LD_RUNPATH_SEARCH_PATHS = "$(inherited) @executable_path/Frameworks";
				PRODUCT_BUNDLE_IDENTIFIER = com.oogamedia.SaveAKRecording;
				PRODUCT_NAME = "$(TARGET_NAME)";
				SWIFT_OBJC_BRIDGING_HEADER = "SaveAKRecording/SaveAKRecording-Bridging-Header.h";
				SWIFT_VERSION = 3.0;
			};
			name = Release;
		};
/* End XCBuildConfiguration section */

/* Begin XCConfigurationList section */
		F71D191E1EF351A300523ACB /* Build configuration list for PBXProject "SaveAKRecording" */ = {
			isa = XCConfigurationList;
			buildConfigurations = (
				F71D19491EF351A300523ACB /* Debug */,
				F71D194A1EF351A300523ACB /* Release */,
			);
			defaultConfigurationIsVisible = 0;
			defaultConfigurationName = Release;
		};
		F71D194B1EF351A300523ACB /* Build configuration list for PBXNativeTarget "SaveAKRecording" */ = {
			isa = XCConfigurationList;
			buildConfigurations = (
				F71D194C1EF351A300523ACB /* Debug */,
				F71D194D1EF351A300523ACB /* Release */,
			);
			defaultConfigurationIsVisible = 0;
			defaultConfigurationName = Release;
		};
/* End XCConfigurationList section */
	};
	rootObject = F71D191B1EF351A300523ACB /* Project object */;
}
