PODS:
  - AudioKit (4.9.1):
    - AudioKit/Core (= 4.9.1)
    - AudioKit/UI (= 4.9.1)
  - AudioKit/Core (4.9.1)
  - AudioKit/UI (4.9.1):
    - AudioKit/Core

DEPENDENCIES:
  - AudioKit (~> 4.0)

SPEC REPOS:
  trunk:
    - AudioKit

SPEC CHECKSUMS:
  AudioKit: 6e5a830b92b1fb295d7efb81ad33fcd1e540712b

PODFILE CHECKSUM: f0992857cb8e86858e9f19390a9044ba3f3edd39

COCOAPODS: 1.8.3
