PODS:
  - AudioKit (4.3):
    - AudioKit/UI (= 4.3)
  - AudioKit/UI (4.3)

DEPENDENCIES:
  - AudioKit

SPEC REPOS:
  https://github.com/CocoaPods/Specs.git:
    - AudioKit

SPEC CHECKSUMS:
  AudioKit: 95bd2427c1afa7954d71b0c6195a09b87b7448bc

PODFILE CHECKSUM: 0486d96d680ce5f7e097189353ffaf4daaace231

COCOAPODS: 1.5.0
